
Microsoft Visual Studio Solution File, Format Version 12.00
# Visual Studio Version 16
VisualStudioVersion = 16.0.32630.194
MinimumVisualStudioVersion = 10.0.40219.1
Project("{FAE04EC0-301F-11D3-BF4B-00C04F79EFBC}") = "FigureAreaCalculationLib", "FigureAreaCalculationLib\FigureAreaCalculationLib.csproj", "{28476929-FF87-4E74-A331-BD8CB28B532F}"
EndProject
Project("{FAE04EC0-301F-11D3-BF4B-00C04F79EFBC}") = "FigureAreaCalculationLib.Tests", "FigureAreaCalculationLib.Tests\FigureAreaCalculationLib.Tests.csproj", "{D3FB6823-7F83-4920-8348-797566964CE6}"
EndProject
Global
	GlobalSection(SolutionConfigurationPlatforms) = preSolution
		Debug|Any CPU = Debug|Any CPU
		Release|Any CPU = Release|Any CPU
	EndGlobalSection
	GlobalSection(ProjectConfigurationPlatforms) = postSolution
		{28476929-FF87-4E74-A331-BD8CB28B532F}.Debug|Any CPU.ActiveCfg = Debug|Any CPU
		{28476929-FF87-4E74-A331-BD8CB28B532F}.Debug|Any CPU.Build.0 = Debug|Any CPU
		{28476929-FF87-4E74-A331-BD8CB28B532F}.Release|Any CPU.ActiveCfg = Release|Any CPU
		{28476929-FF87-4E74-A331-BD8CB28B532F}.Release|Any CPU.Build.0 = Release|Any CPU
		{D3FB6823-7F83-4920-8348-797566964CE6}.Debug|Any CPU.ActiveCfg = Debug|Any CPU
		{D3FB6823-7F83-4920-8348-797566964CE6}.Debug|Any CPU.Build.0 = Debug|Any CPU
		{D3FB6823-7F83-4920-8348-797566964CE6}.Release|Any CPU.ActiveCfg = Release|Any CPU
		{D3FB6823-7F83-4920-8348-797566964CE6}.Release|Any CPU.Build.0 = Release|Any CPU
	EndGlobalSection
	GlobalSection(SolutionProperties) = preSolution
		HideSolutionNode = FALSE
	EndGlobalSection
	GlobalSection(ExtensibilityGlobals) = postSolution
		SolutionGuid = {2C9C3468-185B-408F-AF56-D214FB50A931}
	EndGlobalSection
EndGlobal
